
Microsoft Visual Studio Solution File, Format Version 12.00
# Visual Studio Version 17
VisualStudioVersion = 17.14.36811.4 d17.14
MinimumVisualStudioVersion = 10.0.40219.1
Project("{FAE04EC0-301F-11D3-BF4B-00C04F79EFBC}") = "PUBLICACION_CLINICA_DEMO", "PUBLICACION_CLINICA_DEMO\PUBLICACION_CLINICA_DEMO.csproj", "{10DCF71F-BD6B-4144-BBBA-EC94C89ABE11}"
EndProject
Global
	GlobalSection(SolutionConfigurationPlatforms) = preSolution
		Debug|Any CPU = Debug|Any CPU
		Release|Any CPU = Release|Any CPU
	EndGlobalSection
	GlobalSection(ProjectConfigurationPlatforms) = postSolution
		{10DCF71F-BD6B-4144-BBBA-EC94C89ABE11}.Debug|Any CPU.ActiveCfg = Debug|Any CPU
		{10DCF71F-BD6B-4144-BBBA-EC94C89ABE11}.Debug|Any CPU.Build.0 = Debug|Any CPU
		{10DCF71F-BD6B-4144-BBBA-EC94C89ABE11}.Release|Any CPU.ActiveCfg = Release|Any CPU
		{10DCF71F-BD6B-4144-BBBA-EC94C89ABE11}.Release|Any CPU.Build.0 = Release|Any CPU
	EndGlobalSection
	GlobalSection(SolutionProperties) = preSolution
		HideSolutionNode = FALSE
	EndGlobalSection
	GlobalSection(ExtensibilityGlobals) = postSolution
		SolutionGuid = {4EC78F93-1D79-4761-B2C1-757AE5C9CA29}
	EndGlobalSection
EndGlobal
